
Microsoft Visual Studio Solution File, Format Version 11.00
# Visual Studio 2010
Project("{FAE04EC0-301F-11D3-BF4B-00C04F79EFBC}") = "Capstone Website Interface Prototype", "Capstone Website Interface Prototype\Capstone Website Interface Prototype.csproj", "{BBA3A7F5-E986-4066-9F81-EE142D3D4CCE}"
EndProject
Global
	GlobalSection(SolutionConfigurationPlatforms) = preSolution
		Debug|Any CPU = Debug|Any CPU
		Release|Any CPU = Release|Any CPU
	EndGlobalSection
	GlobalSection(ProjectConfigurationPlatforms) = postSolution
		{BBA3A7F5-E986-4066-9F81-EE142D3D4CCE}.Debug|Any CPU.ActiveCfg = Debug|Any CPU
		{BBA3A7F5-E986-4066-9F81-EE142D3D4CCE}.Debug|Any CPU.Build.0 = Debug|Any CPU
		{BBA3A7F5-E986-4066-9F81-EE142D3D4CCE}.Release|Any CPU.ActiveCfg = Release|Any CPU
		{BBA3A7F5-E986-4066-9F81-EE142D3D4CCE}.Release|Any CPU.Build.0 = Release|Any CPU
	EndGlobalSection
	GlobalSection(SolutionProperties) = preSolution
		HideSolutionNode = FALSE
	EndGlobalSection
EndGlobal
